
Microsoft Visual Studio Solution File, Format Version 12.00
# Visual Studio Version 17
VisualStudioVersion = 17.5.33516.290
MinimumVisualStudioVersion = 10.0.40219.1
Project("{FAE04EC0-301F-11D3-BF4B-00C04F79EFBC}") = "BlogMvcApp", "BlogMvcApp\BlogMvcApp.csproj", "{503BEA1D-49DF-4269-A346-8C925768AC4E}"
EndProject
Global
	GlobalSection(SolutionConfigurationPlatforms) = preSolution
		Debug|Any CPU = Debug|Any CPU
		Release|Any CPU = Release|Any CPU
	EndGlobalSection
	GlobalSection(ProjectConfigurationPlatforms) = postSolution
		{503BEA1D-49DF-4269-A346-8C925768AC4E}.Debug|Any CPU.ActiveCfg = Debug|Any CPU
		{503BEA1D-49DF-4269-A346-8C925768AC4E}.Debug|Any CPU.Build.0 = Debug|Any CPU
		{503BEA1D-49DF-4269-A346-8C925768AC4E}.Release|Any CPU.ActiveCfg = Release|Any CPU
		{503BEA1D-49DF-4269-A346-8C925768AC4E}.Release|Any CPU.Build.0 = Release|Any CPU
	EndGlobalSection
	GlobalSection(SolutionProperties) = preSolution
		HideSolutionNode = FALSE
	EndGlobalSection
	GlobalSection(ExtensibilityGlobals) = postSolution
		SolutionGuid = {B6805924-5D03-44F0-9FC0-B0AD15F94035}
	EndGlobalSection
EndGlobal
